Microsoft Visual Studio Solution File, Format Version 12.00
# Visual Studio Version 17
VisualStudioVersion = 17.5.2.0
MinimumVisualStudioVersion = 10.0.40219.1
Project("{FAE04EC0-301F-11D3-BF4B-00C04F79EFBC}") = "NICE.GlobalNav.CDN", "NICE.GlobalNav.CDN.csproj", "{6919B8BC-0F51-6B28-6E58-EA88B9E75A82}"
EndProject
Project("{FAE04EC0-301F-11D3-BF4B-00C04F79EFBC}") = "NICE.GlobalNav.Preview", "NICE.GlobalNav.Preview.csproj", "{56B936E0-7225-64C2-679D-69DCBE18FF74}"
EndProject
Global
	GlobalSection(SolutionConfigurationPlatforms) = preSolution
		Debug|Any CPU = Debug|Any CPU
		Release|Any CPU = Release|Any CPU
	EndGlobalSection
	GlobalSection(ProjectConfigurationPlatforms) = postSolution
		{6919B8BC-0F51-6B28-6E58-EA88B9E75A82}.Debug|Any CPU.ActiveCfg = Debug|Any CPU
		{6919B8BC-0F51-6B28-6E58-EA88B9E75A82}.Debug|Any CPU.Build.0 = Debug|Any CPU
		{6919B8BC-0F51-6B28-6E58-EA88B9E75A82}.Release|Any CPU.ActiveCfg = Release|Any CPU
		{6919B8BC-0F51-6B28-6E58-EA88B9E75A82}.Release|Any CPU.Build.0 = Release|Any CPU
		{56B936E0-7225-64C2-679D-69DCBE18FF74}.Debug|Any CPU.ActiveCfg = Debug|Any CPU
		{56B936E0-7225-64C2-679D-69DCBE18FF74}.Debug|Any CPU.Build.0 = Debug|Any CPU
		{56B936E0-7225-64C2-679D-69DCBE18FF74}.Release|Any CPU.ActiveCfg = Release|Any CPU
		{56B936E0-7225-64C2-679D-69DCBE18FF74}.Release|Any CPU.Build.0 = Release|Any CPU
	EndGlobalSection
	GlobalSection(SolutionProperties) = preSolution
		HideSolutionNode = FALSE
	EndGlobalSection
	GlobalSection(ExtensibilityGlobals) = postSolution
		SolutionGuid = {F3CCF121-7A86-4A3A-A358-0994E40854EC}
	EndGlobalSection
EndGlobal
